
Microsoft Visual Studio Solution File, Format Version 12.00
# Visual Studio Version 17
VisualStudioVersion = 17.0.32112.339
MinimumVisualStudioVersion = 10.0.40219.1
Project("{8BC9CEB8-8B4A-11D0-8D11-00A0C91BC942}") = "HaiBinQiangJia", "HaiBinQiangJia\HaiBinQiangJia.vcxproj", "{A3B76577-1531-4DC3-B164-8DCB1CE0A5D1}"
EndProject
Project("{8BC9CEB8-8B4A-11D0-8D11-00A0C91BC942}") = "boogiepop", "boogiepop\boogiepop.vcxproj", "{8000ECC8-B993-4185-9F32-65A43FE71991}"
EndProject
Project("{8BC9CEB8-8B4A-11D0-8D11-00A0C91BC942}") = "test", "test\test.vcxproj", "{9588DF9E-89FD-47BF-9337-F1CE6040004D}"
	ProjectSection(ProjectDependencies) = postProject
		{A3B76577-1531-4DC3-B164-8DCB1CE0A5D1} = {A3B76577-1531-4DC3-B164-8DCB1CE0A5D1}
		{8000ECC8-B993-4185-9F32-65A43FE71991} = {8000ECC8-B993-4185-9F32-65A43FE71991}
	EndProjectSection
EndProject
Global
	GlobalSection(SolutionConfigurationPlatforms) = preSolution
		Debug|x64 = Debug|x64
		Debug|x86 = Debug|x86
		Release|x64 = Release|x64
		Release|x86 = Release|x86
	EndGlobalSection
	GlobalSection(ProjectConfigurationPlatforms) = postSolution
		{A3B76577-1531-4DC3-B164-8DCB1CE0A5D1}.Debug|x64.ActiveCfg = Debug|x64
		{A3B76577-1531-4DC3-B164-8DCB1CE0A5D1}.Debug|x64.Build.0 = Debug|x64
		{A3B76577-1531-4DC3-B164-8DCB1CE0A5D1}.Debug|x86.ActiveCfg = Debug|Win32
		{A3B76577-1531-4DC3-B164-8DCB1CE0A5D1}.Debug|x86.Build.0 = Debug|Win32
		{A3B76577-1531-4DC3-B164-8DCB1CE0A5D1}.Release|x64.ActiveCfg = Release|x64
		{A3B76577-1531-4DC3-B164-8DCB1CE0A5D1}.Release|x64.Build.0 = Release|x64
		{A3B76577-1531-4DC3-B164-8DCB1CE0A5D1}.Release|x86.ActiveCfg = Release|Win32
		{A3B76577-1531-4DC3-B164-8DCB1CE0A5D1}.Release|x86.Build.0 = Release|Win32
		{8000ECC8-B993-4185-9F32-65A43FE71991}.Debug|x64.ActiveCfg = Debug|x64
		{8000ECC8-B993-4185-9F32-65A43FE71991}.Debug|x64.Build.0 = Debug|x64
		{8000ECC8-B993-4185-9F32-65A43FE71991}.Debug|x86.ActiveCfg = Debug|Win32
		{8000ECC8-B993-4185-9F32-65A43FE71991}.Debug|x86.Build.0 = Debug|Win32
		{8000ECC8-B993-4185-9F32-65A43FE71991}.Release|x64.ActiveCfg = Release|x64
		{8000ECC8-B993-4185-9F32-65A43FE71991}.Release|x64.Build.0 = Release|x64
		{8000ECC8-B993-4185-9F32-65A43FE71991}.Release|x86.ActiveCfg = Release|Win32
		{8000ECC8-B993-4185-9F32-65A43FE71991}.Release|x86.Build.0 = Release|Win32
		{9588DF9E-89FD-47BF-9337-F1CE6040004D}.Debug|x64.ActiveCfg = Debug|x64
		{9588DF9E-89FD-47BF-9337-F1CE6040004D}.Debug|x64.Build.0 = Debug|x64
		{9588DF9E-89FD-47BF-9337-F1CE6040004D}.Debug|x86.ActiveCfg = Debug|Win32
		{9588DF9E-89FD-47BF-9337-F1CE6040004D}.Debug|x86.Build.0 = Debug|Win32
		{9588DF9E-89FD-47BF-9337-F1CE6040004D}.Release|x64.ActiveCfg = Release|x64
		{9588DF9E-89FD-47BF-9337-F1CE6040004D}.Release|x64.Build.0 = Release|x64
		{9588DF9E-89FD-47BF-9337-F1CE6040004D}.Release|x86.ActiveCfg = Release|Win32
		{9588DF9E-89FD-47BF-9337-F1CE6040004D}.Release|x86.Build.0 = Release|Win32
	EndGlobalSection
	GlobalSection(SolutionProperties) = preSolution
		HideSolutionNode = FALSE
	EndGlobalSection
	GlobalSection(ExtensibilityGlobals) = postSolution
		SolutionGuid = {7AB68967-F2BD-4043-A1F0-B3903DE2DD2E}
	EndGlobalSection
EndGlobal
