<?xml version="1.0" encoding="utf-8"?>
<Project ToolsVersion="4.0" xmlns="http://schemas.microsoft.com/developer/msbuild/2003">
  <ItemGroup>
    <Filter Include="源文件">
      <UniqueIdentifier>{4FC737F1-C7A5-4376-A066-2A32D752A2FF}</UniqueIdentifier>
      <Extensions>cpp;c;cc;cxx;c++;cppm;ixx;def;odl;idl;hpj;bat;asm;asmx</Extensions>
    </Filter>
    <Filter Include="头文件">
      <UniqueIdentifier>{93995380-89BD-4b04-88EB-625FBE52EBFB}</UniqueIdentifier>
      <Extensions>h;hh;hpp;hxx;h++;hm;inl;inc;ipp;xsd</Extensions>
    </Filter>
    <Filter Include="资源文件">
      <UniqueIdentifier>{67DA6AB6-F800-4c08-8B7A-83BB121AAD01}</UniqueIdentifier>
      <Extensions>rc;ico;cur;bmp;dlg;rc2;rct;bin;rgs;gif;jpg;jpeg;jpe;resx;tiff;tif;png;wav;mfcribbon-ms</Extensions>
    </Filter>
    <Filter Include="头文件\mhook">
      <UniqueIdentifier>{e844b6e4-3788-43c2-99f9-09ace0bfde85}</UniqueIdentifier>
    </Filter>
    <Filter Include="源文件\mhook">
      <UniqueIdentifier>{3d47091f-9c02-44be-babe-93587e220768}</UniqueIdentifier>
    </Filter>
    <Filter Include="头文件\ImGuizmo">
      <UniqueIdentifier>{25e35046-1cee-4fdf-bb55-3b2633c03abf}</UniqueIdentifier>
    </Filter>
    <Filter Include="头文件\ImGui">
      <UniqueIdentifier>{d38f965d-9e5f-4385-9e9c-38219c8fe2f4}</UniqueIdentifier>
    </Filter>
    <Filter Include="源文件\ImGuizmo">
      <UniqueIdentifier>{53dc2f78-0d36-4961-8044-ee1dd9697d40}</UniqueIdentifier>
    </Filter>
    <Filter Include="源文件\ImGui">
      <UniqueIdentifier>{3863a3ff-d71b-45ed-900e-c5b6d6af8387}</UniqueIdentifier>
    </Filter>
  </ItemGroup>
  <ItemGroup>
    <ClCompile Include="dllmain.cpp">
      <Filter>源文件</Filter>
    </ClCompile>
    <ClCompile Include="include\mhook\disasm-lib\cpu.c">
      <Filter>源文件\mhook</Filter>
    </ClCompile>
    <ClCompile Include="include\mhook\disasm-lib\disasm.c">
      <Filter>源文件\mhook</Filter>
    </ClCompile>
    <ClCompile Include="include\mhook\disasm-lib\disasm_x86.c">
      <Filter>源文件\mhook</Filter>
    </ClCompile>
    <ClCompile Include="include\mhook\disasm-lib\misc.c">
      <Filter>源文件\mhook</Filter>
    </ClCompile>
    <ClCompile Include="include\mhook\mhook-lib\mhook.cpp">
      <Filter>源文件\mhook</Filter>
    </ClCompile>
    <ClCompile Include="ImGuizmo\imgui.cpp">
      <Filter>源文件\ImGuizmo</Filter>
    </ClCompile>
    <ClCompile Include="ImGuizmo\imgui_draw.cpp">
      <Filter>源文件\ImGuizmo</Filter>
    </ClCompile>
    <ClCompile Include="ImGuizmo\imgui_widgets.cpp">
      <Filter>源文件\ImGuizmo</Filter>
    </ClCompile>
    <ClCompile Include="ImGuizmo\ImGuizmo.cpp">
      <Filter>源文件\ImGuizmo</Filter>
    </ClCompile>
    <ClCompile Include="ImGui\imgui_impl_dx11.cpp">
      <Filter>源文件\ImGui</Filter>
    </ClCompile>
    <ClCompile Include="ImGui\imgui_impl_win32.cpp">
      <Filter>源文件\ImGui</Filter>
    </ClCompile>
  </ItemGroup>
  <ItemGroup>
    <ClInclude Include="include\mhook\mhook-lib\mhook.h">
      <Filter>头文件\mhook</Filter>
    </ClInclude>
    <ClInclude Include="include\mhook\disasm-lib\cpu.h">
      <Filter>头文件\mhook</Filter>
    </ClInclude>
    <ClInclude Include="include\mhook\disasm-lib\disasm.h">
      <Filter>头文件\mhook</Filter>
    </ClInclude>
    <ClInclude Include="include\mhook\disasm-lib\disasm_x86.h">
      <Filter>头文件\mhook</Filter>
    </ClInclude>
    <ClInclude Include="include\mhook\disasm-lib\disasm_x86_tables.h">
      <Filter>头文件\mhook</Filter>
    </ClInclude>
    <ClInclude Include="include\mhook\disasm-lib\misc.h">
      <Filter>头文件\mhook</Filter>
    </ClInclude>
    <ClInclude Include="include\ImGuizmo\imgui.h">
      <Filter>头文件\ImGuizmo</Filter>
    </ClInclude>
    <ClInclude Include="include\ImGuizmo\imgui_internal.h">
      <Filter>头文件\ImGuizmo</Filter>
    </ClInclude>
    <ClInclude Include="include\ImGuizmo\ImGuizmo.h">
      <Filter>头文件\ImGuizmo</Filter>
    </ClInclude>
    <ClInclude Include="include\ImGuizmo\imstb_rectpack.h">
      <Filter>头文件\ImGuizmo</Filter>
    </ClInclude>
    <ClInclude Include="include\ImGuizmo\imstb_textedit.h">
      <Filter>头文件\ImGuizmo</Filter>
    </ClInclude>
    <ClInclude Include="include\ImGuizmo\imstb_truetype.h">
      <Filter>头文件\ImGuizmo</Filter>
    </ClInclude>
    <ClInclude Include="include\ImGuizmo\stb_image.h">
      <Filter>头文件\ImGuizmo</Filter>
    </ClInclude>
    <ClInclude Include="include\ImGui\imgui_impl_dx11.h">
      <Filter>头文件\ImGui</Filter>
    </ClInclude>
    <ClInclude Include="include\ImGui\imgui_impl_win32.h">
      <Filter>头文件\ImGui</Filter>
    </ClInclude>
  </ItemGroup>
</Project>